
Microsoft Visual Studio Solution File, Format Version 12.00
# Visual Studio Version 16
VisualStudioVersion = 16.0.29430.225
MinimumVisualStudioVersion = 10.0.40219.1
Project("{FAE04EC0-301F-11D3-BF4B-00C04F79EFBC}") = "HashEncoding", "HashEncoding\HashEncoding.csproj", "{D6FB0AF7-1D6A-4E67-AEEA-0B6A790B98A5}"
EndProject
Global
	GlobalSection(SolutionConfigurationPlatforms) = preSolution
		Debug|Any CPU = Debug|Any CPU
		Release|Any CPU = Release|Any CPU
	EndGlobalSection
	GlobalSection(ProjectConfigurationPlatforms) = postSolution
		{D6FB0AF7-1D6A-4E67-AEEA-0B6A790B98A5}.Debug|Any CPU.ActiveCfg = Debug|Any CPU
		{D6FB0AF7-1D6A-4E67-AEEA-0B6A790B98A5}.Debug|Any CPU.Build.0 = Debug|Any CPU
		{D6FB0AF7-1D6A-4E67-AEEA-0B6A790B98A5}.Release|Any CPU.ActiveCfg = Release|Any CPU
		{D6FB0AF7-1D6A-4E67-AEEA-0B6A790B98A5}.Release|Any CPU.Build.0 = Release|Any CPU
	EndGlobalSection
	GlobalSection(SolutionProperties) = preSolution
		HideSolutionNode = FALSE
	EndGlobalSection
	GlobalSection(ExtensibilityGlobals) = postSolution
		SolutionGuid = {BF6D0F69-00F0-4261-9533-AD99E3A1828F}
	EndGlobalSection
EndGlobal
